// !$*UTF8*$!
{
	archiveVersion = 1;
	classes = {
	};
	objectVersion = 46;
	objects = {

/* Begin PBXBuildFile section */
		00156744190742C8004DCD4B /* RSFollowingViewController.m in Sources */ = {isa = PBXBuildFile; fileRef = 00156743190742C8004DCD4B /* RSFollowingViewController.m */; };
		0016CF861906F857002F1D5C /* RSNetworkController.m in Sources */ = {isa = PBXBuildFile; fileRef = 0016CF851906F857002F1D5C /* RSNetworkController.m */; };
		00244C8F1909B0B000FCEAC1 /* RSFollowing.m in Sources */ = {isa = PBXBuildFile; fileRef = 00244C8E1909B0B000FCEAC1 /* RSFollowing.m */; };
		00244C921909C2E800FCEAC1 /* FollowingCell.m in Sources */ = {isa = PBXBuildFile; fileRef = 00244C911909C2E800FCEAC1 /* FollowingCell.m */; };
		009AABE91905B0480003DEE3 /* RSWebViewController.m in Sources */ = {isa = PBXBuildFile; fileRef = 009AABE81905B0480003DEE3 /* RSWebViewController.m */; };
		009AABEC1905B2E60003DEE3 /* RSRepo.m in Sources */ = {isa = PBXBuildFile; fileRef = 009AABEB1905B2E60003DEE3 /* RSRepo.m */; };
		00A4782819057D3B0041584F /* Foundation.framework in Frameworks */ = {isa = PBXBuildFile; fileRef = 00A4782719057D3B0041584F /* Foundation.framework */; };
		00A4782A19057D3B0041584F /* CoreGraphics.framework in Frameworks */ = {isa = PBXBuildFile; fileRef = 00A4782919057D3B0041584F /* CoreGraphics.framework */; };
		00A4782C19057D3B0041584F /* UIKit.framework in Frameworks */ = {isa = PBXBuildFile; fileRef = 00A4782B19057D3B0041584F /* UIKit.framework */; };
		00A4783219057D3B0041584F /* InfoPlist.strings in Resources */ = {isa = PBXBuildFile; fileRef = 00A4783019057D3B0041584F /* InfoPlist.strings */; };
		00A4783419057D3B0041584F /* main.m in Sources */ = {isa = PBXBuildFile; fileRef = 00A4783319057D3B0041584F /* main.m */; };
		00A4783819057D3B0041584F /* RSAppDelegate.m in Sources */ = {isa = PBXBuildFile; fileRef = 00A4783719057D3B0041584F /* RSAppDelegate.m */; };
		00A4783B19057D3B0041584F /* Main.storyboard in Resources */ = {isa = PBXBuildFile; fileRef = 00A4783919057D3B0041584F /* Main.storyboard */; };
		00A4784019057D3B0041584F /* Images.xcassets in Resources */ = {isa = PBXBuildFile; fileRef = 00A4783F19057D3B0041584F /* Images.xcassets */; };
		00A4784719057D3B0041584F /* XCTest.framework in Frameworks */ = {isa = PBXBuildFile; fileRef = 00A4784619057D3B0041584F /* XCTest.framework */; };
		00A4784819057D3B0041584F /* Foundation.framework in Frameworks */ = {isa = PBXBuildFile; fileRef = 00A4782719057D3B0041584F /* Foundation.framework */; };
		00A4784919057D3B0041584F /* UIKit.framework in Frameworks */ = {isa = PBXBuildFile; fileRef = 00A4782B19057D3B0041584F /* UIKit.framework */; };
		00A4785119057D3B0041584F /* InfoPlist.strings in Resources */ = {isa = PBXBuildFile; fileRef = 00A4784F19057D3B0041584F /* InfoPlist.strings */; };
		00A4785319057D3B0041584F /* GithubToGoTests.m in Sources */ = {isa = PBXBuildFile; fileRef = 00A4785219057D3B0041584F /* GithubToGoTests.m */; };
		00A4785E19057DB10041584F /* RSRootMenuViewController.m in Sources */ = {isa = PBXBuildFile; fileRef = 00A4785D19057DB10041584F /* RSRootMenuViewController.m */; };
		00A4786119057E8B0041584F /* RSReposViewController.m in Sources */ = {isa = PBXBuildFile; fileRef = 00A4786019057E8B0041584F /* RSReposViewController.m */; };
		00A4786719057ED30041584F /* RSSearchViewController.m in Sources */ = {isa = PBXBuildFile; fileRef = 00A4786619057ED30041584F /* RSSearchViewController.m */; };
		00C1A4C419098C940064A857 /* RSUser.m in Sources */ = {isa = PBXBuildFile; fileRef = 00C1A4C319098C940064A857 /* RSUser.m */; };
		00C1A4C71909A1260064A857 /* LoginViewController.m in Sources */ = {isa = PBXBuildFile; fileRef = 00C1A4C61909A1260064A857 /* LoginViewController.m */; };
/* End PBXBuildFile section */

/* Begin PBXContainerItemProxy section */
		00A4784A19057D3B0041584F /* PBXContainerItemProxy */ = {
			isa = PBXContainerItemProxy;
			containerPortal = 00A4781C19057D3B0041584F /* Project object */;
			proxyType = 1;
			remoteGlobalIDString = 00A4782319057D3B0041584F;
			remoteInfo = GithubToGo;
		};
/* End PBXContainerItemProxy section */

/* Begin PBXFileReference section */
		00156742190742C8004DCD4B /* RSFollowingViewController.h */ = {isa = PBXFileReference; fileEncoding = 4; lastKnownFileType = sourcecode.c.h; path = RSFollowingViewController.h; sourceTree = "<group>"; };
		00156743190742C8004DCD4B /* RSFollowingViewController.m */ = {isa = PBXFileReference; fileEncoding = 4; lastKnownFileType = sourcecode.c.objc; path = RSFollowingViewController.m; sourceTree = "<group>"; };
		0016CF841906F857002F1D5C /* RSNetworkController.h */ = {isa = PBXFileReference; fileEncoding = 4; lastKnownFileType = sourcecode.c.h; path = RSNetworkController.h; sourceTree = "<group>"; };
		0016CF851906F857002F1D5C /* RSNetworkController.m */ = {isa = PBXFileReference; fileEncoding = 4; lastKnownFileType = sourcecode.c.objc; path = RSNetworkController.m; sourceTree = "<group>"; };
		00244C8D1909B0B000FCEAC1 /* RSFollowing.h */ = {isa = PBXFileReference; fileEncoding = 4; lastKnownFileType = sourcecode.c.h; path = RSFollowing.h; sourceTree = "<group>"; };
		00244C8E1909B0B000FCEAC1 /* RSFollowing.m */ = {isa = PBXFileReference; fileEncoding = 4; lastKnownFileType = sourcecode.c.objc; path = RSFollowing.m; sourceTree = "<group>"; };
		00244C901909C2E800FCEAC1 /* FollowingCell.h */ = {isa = PBXFileReference; fileEncoding = 4; lastKnownFileType = sourcecode.c.h; path = FollowingCell.h; sourceTree = "<group>"; };
		00244C911909C2E800FCEAC1 /* FollowingCell.m */ = {isa = PBXFileReference; fileEncoding = 4; lastKnownFileType = sourcecode.c.objc; path = FollowingCell.m; sourceTree = "<group>"; };
		009AAB56190594520003DEE3 /* RSBurgerProtocol.h */ = {isa = PBXFileReference; lastKnownFileType = sourcecode.c.h; path = RSBurgerProtocol.h; sourceTree = "<group>"; };
		009AABE71905B0480003DEE3 /* RSWebViewController.h */ = {isa = PBXFileReference; fileEncoding = 4; lastKnownFileType = sourcecode.c.h; path = RSWebViewController.h; sourceTree = "<group>"; };
		009AABE81905B0480003DEE3 /* RSWebViewController.m */ = {isa = PBXFileReference; fileEncoding = 4; lastKnownFileType = sourcecode.c.objc; path = RSWebViewController.m; sourceTree = "<group>"; };
		009AABEA1905B2E60003DEE3 /* RSRepo.h */ = {isa = PBXFileReference; fileEncoding = 4; lastKnownFileType = sourcecode.c.h; path = RSRepo.h; sourceTree = "<group>"; };
		009AABEB1905B2E60003DEE3 /* RSRepo.m */ = {isa = PBXFileReference; fileEncoding = 4; lastKnownFileType = sourcecode.c.objc; path = RSRepo.m; sourceTree = "<group>"; };
		00A4782419057D3B0041584F /* GithubToGo.app */ = {isa = PBXFileReference; explicitFileType = wrapper.application; includeInIndex = 0; path = GithubToGo.app; sourceTree = BUILT_PRODUCTS_DIR; };
		00A4782719057D3B0041584F /* Foundation.framework */ = {isa = PBXFileReference; lastKnownFileType = wrapper.framework; name = Foundation.framework; path = System/Library/Frameworks/Foundation.framework; sourceTree = SDKROOT; };
		00A4782919057D3B0041584F /* CoreGraphics.framework */ = {isa = PBXFileReference; lastKnownFileType = wrapper.framework; name = CoreGraphics.framework; path = System/Library/Frameworks/CoreGraphics.framework; sourceTree = SDKROOT; };
		00A4782B19057D3B0041584F /* UIKit.framework */ = {isa = PBXFileReference; lastKnownFileType = wrapper.framework; name = UIKit.framework; path = System/Library/Frameworks/UIKit.framework; sourceTree = SDKROOT; };
		00A4782F19057D3B0041584F /* GithubToGo-Info.plist */ = {isa = PBXFileReference; lastKnownFileType = text.plist.xml; path = "GithubToGo-Info.plist"; sourceTree = "<group>"; };
		00A4783119057D3B0041584F /* en */ = {isa = PBXFileReference; lastKnownFileType = text.plist.strings; name = en; path = en.lproj/InfoPlist.strings; sourceTree = "<group>"; };
		00A4783319057D3B0041584F /* main.m */ = {isa = PBXFileReference; lastKnownFileType = sourcecode.c.objc; path = main.m; sourceTree = "<group>"; };
		00A4783519057D3B0041584F /* GithubToGo-Prefix.pch */ = {isa = PBXFileReference; lastKnownFileType = sourcecode.c.h; path = "GithubToGo-Prefix.pch"; sourceTree = "<group>"; };
		00A4783619057D3B0041584F /* RSAppDelegate.h */ = {isa = PBXFileReference; lastKnownFileType = sourcecode.c.h; path = RSAppDelegate.h; sourceTree = "<group>"; };
		00A4783719057D3B0041584F /* RSAppDelegate.m */ = {isa = PBXFileReference; lastKnownFileType = sourcecode.c.objc; path = RSAppDelegate.m; sourceTree = "<group>"; };
		00A4783A19057D3B0041584F /* Base */ = {isa = PBXFileReference; lastKnownFileType = file.storyboard; name = Base; path = Base.lproj/Main.storyboard; sourceTree = "<group>"; };
		00A4783F19057D3B0041584F /* Images.xcassets */ = {isa = PBXFileReference; lastKnownFileType = folder.assetcatalog; path = Images.xcassets; sourceTree = "<group>"; };
		00A4784519057D3B0041584F /* GithubToGoTests.xctest */ = {isa = PBXFileReference; explicitFileType = wrapper.cfbundle; includeInIndex = 0; path = GithubToGoTests.xctest; sourceTree = BUILT_PRODUCTS_DIR; };
		00A4784619057D3B0041584F /* XCTest.framework */ = {isa = PBXFileReference; lastKnownFileType = wrapper.framework; name = XCTest.framework; path = Library/Frameworks/XCTest.framework; sourceTree = DEVELOPER_DIR; };
		00A4784E19057D3B0041584F /* GithubToGoTests-Info.plist */ = {isa = PBXFileReference; lastKnownFileType = text.plist.xml; path = "GithubToGoTests-Info.plist"; sourceTree = "<group>"; };
		00A4785019057D3B0041584F /* en */ = {isa = PBXFileReference; lastKnownFileType = text.plist.strings; name = en; path = en.lproj/InfoPlist.strings; sourceTree = "<group>"; };
		00A4785219057D3B0041584F /* GithubToGoTests.m */ = {isa = PBXFileReference; lastKnownFileType = sourcecode.c.objc; path = GithubToGoTests.m; sourceTree = "<group>"; };
		00A4785C19057DB10041584F /* RSRootMenuViewController.h */ = {isa = PBXFileReference; fileEncoding = 4; lastKnownFileType = sourcecode.c.h; path = RSRootMenuViewController.h; sourceTree = "<group>"; };
		00A4785D19057DB10041584F /* RSRootMenuViewController.m */ = {isa = PBXFileReference; fileEncoding = 4; lastKnownFileType = sourcecode.c.objc; path = RSRootMenuViewController.m; sourceTree = "<group>"; };
		00A4785F19057E8B0041584F /* RSReposViewController.h */ = {isa = PBXFileReference; fileEncoding = 4; lastKnownFileType = sourcecode.c.h; path = RSReposViewController.h; sourceTree = "<group>"; };
		00A4786019057E8B0041584F /* RSReposViewController.m */ = {isa = PBXFileReference; fileEncoding = 4; lastKnownFileType = sourcecode.c.objc; path = RSReposViewController.m; sourceTree = "<group>"; };
		00A4786519057ED30041584F /* RSSearchViewController.h */ = {isa = PBXFileReference; fileEncoding = 4; lastKnownFileType = sourcecode.c.h; path = RSSearchViewController.h; sourceTree = "<group>"; };
		00A4786619057ED30041584F /* RSSearchViewController.m */ = {isa = PBXFileReference; fileEncoding = 4; lastKnownFileType = sourcecode.c.objc; path = RSSearchViewController.m; sourceTree = "<group>"; };
		00C1A4C219098C940064A857 /* RSUser.h */ = {isa = PBXFileReference; fileEncoding = 4; lastKnownFileType = sourcecode.c.h; path = RSUser.h; sourceTree = "<group>"; };
		00C1A4C319098C940064A857 /* RSUser.m */ = {isa = PBXFileReference; fileEncoding = 4; lastKnownFileType = sourcecode.c.objc; path = RSUser.m; sourceTree = "<group>"; };
		00C1A4C51909A1260064A857 /* LoginViewController.h */ = {isa = PBXFileReference; fileEncoding = 4; lastKnownFileType = sourcecode.c.h; name = LoginViewController.h; path = ../LoginViewController.h; sourceTree = "<group>"; };
		00C1A4C61909A1260064A857 /* LoginViewController.m */ = {isa = PBXFileReference; fileEncoding = 4; lastKnownFileType = sourcecode.c.objc; name = LoginViewController.m; path = ../LoginViewController.m; sourceTree = "<group>"; };
/* End PBXFileReference section */

/* Begin PBXFrameworksBuildPhase section */
		00A4782119057D3B0041584F /* Frameworks */ = {
			isa = PBXFrameworksBuildPhase;
			buildActionMask = 2147483647;
			files = (
				00A4782A19057D3B0041584F /* CoreGraphics.framework in Frameworks */,
				00A4782C19057D3B0041584F /* UIKit.framework in Frameworks */,
				00A4782819057D3B0041584F /* Foundation.framework in Frameworks */,
			);
			runOnlyForDeploymentPostprocessing = 0;
		};
		00A4784219057D3B0041584F /* Frameworks */ = {
			isa = PBXFrameworksBuildPhase;
			buildActionMask = 2147483647;
			files = (
				00A4784719057D3B0041584F /* XCTest.framework in Frameworks */,
				00A4784919057D3B0041584F /* UIKit.framework in Frameworks */,
				00A4784819057D3B0041584F /* Foundation.framework in Frameworks */,
			);
			runOnlyForDeploymentPostprocessing = 0;
		};
/* End PBXFrameworksBuildPhase section */

/* Begin PBXGroup section */
		00156745190818F4004DCD4B /* Model */ = {
			isa = PBXGroup;
			children = (
			);
			name = Model;
			sourceTree = "<group>";
		};
		00156746190818FE004DCD4B /* View */ = {
			isa = PBXGroup;
			children = (
			);
			name = View;
			sourceTree = "<group>";
		};
		0015674719081905004DCD4B /* Controller */ = {
			isa = PBXGroup;
			children = (
			);
			name = Controller;
			sourceTree = "<group>";
		};
		00A4781B19057D3B0041584F = {
			isa = PBXGroup;
			children = (
				00A4782D19057D3B0041584F /* GithubToGo */,
				00A4784C19057D3B0041584F /* GithubToGoTests */,
				00A4782619057D3B0041584F /* Frameworks */,
				00A4782519057D3B0041584F /* Products */,
			);
			sourceTree = "<group>";
		};
		00A4782519057D3B0041584F /* Products */ = {
			isa = PBXGroup;
			children = (
				00A4782419057D3B0041584F /* GithubToGo.app */,
				00A4784519057D3B0041584F /* GithubToGoTests.xctest */,
			);
			name = Products;
			sourceTree = "<group>";
		};
		00A4782619057D3B0041584F /* Frameworks */ = {
			isa = PBXGroup;
			children = (
				00A4782719057D3B0041584F /* Foundation.framework */,
				00A4782919057D3B0041584F /* CoreGraphics.framework */,
				00A4782B19057D3B0041584F /* UIKit.framework */,
				00A4784619057D3B0041584F /* XCTest.framework */,
			);
			name = Frameworks;
			sourceTree = "<group>";
		};
		00A4782D19057D3B0041584F /* GithubToGo */ = {
			isa = PBXGroup;
			children = (
				0015674719081905004DCD4B /* Controller */,
				00A4783F19057D3B0041584F /* Images.xcassets */,
				00C1A4C51909A1260064A857 /* LoginViewController.h */,
				00C1A4C61909A1260064A857 /* LoginViewController.m */,
				00A4783919057D3B0041584F /* Main.storyboard */,
				00156745190818F4004DCD4B /* Model */,
				00A4783619057D3B0041584F /* RSAppDelegate.h */,
				00A4783719057D3B0041584F /* RSAppDelegate.m */,
				009AAB56190594520003DEE3 /* RSBurgerProtocol.h */,
				00156742190742C8004DCD4B /* RSFollowingViewController.h */,
				00156743190742C8004DCD4B /* RSFollowingViewController.m */,
				00244C901909C2E800FCEAC1 /* FollowingCell.h */,
				00244C911909C2E800FCEAC1 /* FollowingCell.m */,
				00244C8D1909B0B000FCEAC1 /* RSFollowing.h */,
				00244C8E1909B0B000FCEAC1 /* RSFollowing.m */,
				0016CF841906F857002F1D5C /* RSNetworkController.h */,
				0016CF851906F857002F1D5C /* RSNetworkController.m */,
				009AABEA1905B2E60003DEE3 /* RSRepo.h */,
				009AABEB1905B2E60003DEE3 /* RSRepo.m */,
				00A4785F19057E8B0041584F /* RSReposViewController.h */,
				00A4786019057E8B0041584F /* RSReposViewController.m */,
				00A4785C19057DB10041584F /* RSRootMenuViewController.h */,
				00A4785D19057DB10041584F /* RSRootMenuViewController.m */,
				00A4786519057ED30041584F /* RSSearchViewController.h */,
				00A4786619057ED30041584F /* RSSearchViewController.m */,
				00C1A4C219098C940064A857 /* RSUser.h */,
				00C1A4C319098C940064A857 /* RSUser.m */,
				009AABE71905B0480003DEE3 /* RSWebViewController.h */,
				009AABE81905B0480003DEE3 /* RSWebViewController.m */,
				00A4782E19057D3B0041584F /* Supporting Files */,
				00156746190818FE004DCD4B /* View */,
			);
			path = GithubToGo;
			sourceTree = "<group>";
		};
		00A4782E19057D3B0041584F /* Supporting Files */ = {
			isa = PBXGroup;
			children = (
				00A4782F19057D3B0041584F /* GithubToGo-Info.plist */,
				00A4783019057D3B0041584F /* InfoPlist.strings */,
				00A4783319057D3B0041584F /* main.m */,
				00A4783519057D3B0041584F /* GithubToGo-Prefix.pch */,
			);
			name = "Supporting Files";
			sourceTree = "<group>";
		};
		00A4784C19057D3B0041584F /* GithubToGoTests */ = {
			isa = PBXGroup;
			children = (
				00A4785219057D3B0041584F /* GithubToGoTests.m */,
				00A4784D19057D3B0041584F /* Supporting Files */,
			);
			path = GithubToGoTests;
			sourceTree = "<group>";
		};
		00A4784D19057D3B0041584F /* Supporting Files */ = {
			isa = PBXGroup;
			children = (
				00A4784E19057D3B0041584F /* GithubToGoTests-Info.plist */,
				00A4784F19057D3B0041584F /* InfoPlist.strings */,
			);
			name = "Supporting Files";
			sourceTree = "<group>";
		};
/* End PBXGroup section */

/* Begin PBXNativeTarget section */
		00A4782319057D3B0041584F /* GithubToGo */ = {
			isa = PBXNativeTarget;
			buildConfigurationList = 00A4785619057D3B0041584F /* Build configuration list for PBXNativeTarget "GithubToGo" */;
			buildPhases = (
				00A4782019057D3B0041584F /* Sources */,
				00A4782119057D3B0041584F /* Frameworks */,
				00A4782219057D3B0041584F /* Resources */,
			);
			buildRules = (
			);
			dependencies = (
			);
			name = GithubToGo;
			productName = GithubToGo;
			productReference = 00A4782419057D3B0041584F /* GithubToGo.app */;
			productType = "com.apple.product-type.application";
		};
		00A4784419057D3B0041584F /* GithubToGoTests */ = {
			isa = PBXNativeTarget;
			buildConfigurationList = 00A4785919057D3B0041584F /* Build configuration list for PBXNativeTarget "GithubToGoTests" */;
			buildPhases = (
				00A4784119057D3B0041584F /* Sources */,
				00A4784219057D3B0041584F /* Frameworks */,
				00A4784319057D3B0041584F /* Resources */,
			);
			buildRules = (
			);
			dependencies = (
				00A4784B19057D3B0041584F /* PBXTargetDependency */,
			);
			name = GithubToGoTests;
			productName = GithubToGoTests;
			productReference = 00A4784519057D3B0041584F /* GithubToGoTests.xctest */;
			productType = "com.apple.product-type.bundle.unit-test";
		};
/* End PBXNativeTarget section */

/* Begin PBXProject section */
		00A4781C19057D3B0041584F /* Project object */ = {
			isa = PBXProject;
			attributes = {
				CLASSPREFIX = RS;
				LastUpgradeCheck = 0510;
				ORGANIZATIONNAME = "Reed Sweeney";
				TargetAttributes = {
					00A4784419057D3B0041584F = {
						TestTargetID = 00A4782319057D3B0041584F;
					};
				};
			};
			buildConfigurationList = 00A4781F19057D3B0041584F /* Build configuration list for PBXProject "GithubToGo" */;
			compatibilityVersion = "Xcode 3.2";
			developmentRegion = English;
			hasScannedForEncodings = 0;
			knownRegions = (
				en,
				Base,
			);
			mainGroup = 00A4781B19057D3B0041584F;
			productRefGroup = 00A4782519057D3B0041584F /* Products */;
			projectDirPath = "";
			projectRoot = "";
			targets = (
				00A4782319057D3B0041584F /* GithubToGo */,
				00A4784419057D3B0041584F /* GithubToGoTests */,
			);
		};
/* End PBXProject section */

/* Begin PBXResourcesBuildPhase section */
		00A4782219057D3B0041584F /* Resources */ = {
			isa = PBXResourcesBuildPhase;
			buildActionMask = 2147483647;
			files = (
				00A4784019057D3B0041584F /* Images.xcassets in Resources */,
				00A4783219057D3B0041584F /* InfoPlist.strings in Resources */,
				00A4783B19057D3B0041584F /* Main.storyboard in Resources */,
			);
			runOnlyForDeploymentPostprocessing = 0;
		};
		00A4784319057D3B0041584F /* Resources */ = {
			isa = PBXResourcesBuildPhase;
			buildActionMask = 2147483647;
			files = (
				00A4785119057D3B0041584F /* InfoPlist.strings in Resources */,
			);
			runOnlyForDeploymentPostprocessing = 0;
		};
/* End PBXResourcesBuildPhase section */

/* Begin PBXSourcesBuildPhase section */
		00A4782019057D3B0041584F /* Sources */ = {
			isa = PBXSourcesBuildPhase;
			buildActionMask = 2147483647;
			files = (
				009AABEC1905B2E60003DEE3 /* RSRepo.m in Sources */,
				00C1A4C419098C940064A857 /* RSUser.m in Sources */,
				00244C921909C2E800FCEAC1 /* FollowingCell.m in Sources */,
				00A4786119057E8B0041584F /* RSReposViewController.m in Sources */,
				00156744190742C8004DCD4B /* RSFollowingViewController.m in Sources */,
				009AABE91905B0480003DEE3 /* RSWebViewController.m in Sources */,
				00A4783419057D3B0041584F /* main.m in Sources */,
				00244C8F1909B0B000FCEAC1 /* RSFollowing.m in Sources */,
				00A4783819057D3B0041584F /* RSAppDelegate.m in Sources */,
				00A4786719057ED30041584F /* RSSearchViewController.m in Sources */,
				0016CF861906F857002F1D5C /* RSNetworkController.m in Sources */,
				00C1A4C71909A1260064A857 /* LoginViewController.m in Sources */,
				00A4785E19057DB10041584F /* RSRootMenuViewController.m in Sources */,
			);
			runOnlyForDeploymentPostprocessing = 0;
		};
		00A4784119057D3B0041584F /* Sources */ = {
			isa = PBXSourcesBuildPhase;
			buildActionMask = 2147483647;
			files = (
				00A4785319057D3B0041584F /* GithubToGoTests.m in Sources */,
			);
			runOnlyForDeploymentPostprocessing = 0;
		};
/* End PBXSourcesBuildPhase section */

/* Begin PBXTargetDependency section */
		00A4784B19057D3B0041584F /* PBXTargetDependency */ = {
			isa = PBXTargetDependency;
			target = 00A4782319057D3B0041584F /* GithubToGo */;
			targetProxy = 00A4784A19057D3B0041584F /* PBXContainerItemProxy */;
		};
/* End PBXTargetDependency section */

/* Begin PBXVariantGroup section */
		00A4783019057D3B0041584F /* InfoPlist.strings */ = {
			isa = PBXVariantGroup;
			children = (
				00A4783119057D3B0041584F /* en */,
			);
			name = InfoPlist.strings;
			sourceTree = "<group>";
		};
		00A4783919057D3B0041584F /* Main.storyboard */ = {
			isa = PBXVariantGroup;
			children = (
				00A4783A19057D3B0041584F /* Base */,
			);
			name = Main.storyboard;
			sourceTree = "<group>";
		};
		00A4784F19057D3B0041584F /* InfoPlist.strings */ = {
			isa = PBXVariantGroup;
			children = (
				00A4785019057D3B0041584F /* en */,
			);
			name = InfoPlist.strings;
			sourceTree = "<group>";
		};
/* End PBXVariantGroup section */

/* Begin XCBuildConfiguration section */
		00A4785419057D3B0041584F /* Debug */ = {
			isa = XCBuildConfiguration;
			buildSettings = {
				ALWAYS_SEARCH_USER_PATHS = NO;
				CLANG_CXX_LANGUAGE_STANDARD = "gnu++0x";
				CLANG_CXX_LIBRARY = "libc++";
				CLANG_ENABLE_MODULES = YES;
				CLANG_ENABLE_OBJC_ARC = YES;
				CLANG_WARN_BOOL_CONVERSION = YES;
				CLANG_WARN_CONSTANT_CONVERSION = YES;
				CLANG_WARN_DIRECT_OBJC_ISA_USAGE = YES_ERROR;
				CLANG_WARN_EMPTY_BODY = YES;
				CLANG_WARN_ENUM_CONVERSION = YES;
				CLANG_WARN_INT_CONVERSION = YES;
				CLANG_WARN_OBJC_ROOT_CLASS = YES_ERROR;
				CLANG_WARN__DUPLICATE_METHOD_MATCH = YES;
				"CODE_SIGN_IDENTITY[sdk=iphoneos*]" = "iPhone Developer";
				COPY_PHASE_STRIP = NO;
				GCC_C_LANGUAGE_STANDARD = gnu99;
				GCC_DYNAMIC_NO_PIC = NO;
				GCC_OPTIMIZATION_LEVEL = 0;
				GCC_PREPROCESSOR_DEFINITIONS = (
					"DEBUG=1",
					"$(inherited)",
				);
				GCC_SYMBOLS_PRIVATE_EXTERN = NO;
				GCC_WARN_64_TO_32_BIT_CONVERSION = YES;
				GCC_WARN_ABOUT_RETURN_TYPE = YES_ERROR;
				GCC_WARN_UNDECLARED_SELECTOR = YES;
				GCC_WARN_UNINITIALIZED_AUTOS = YES_AGGRESSIVE;
				GCC_WARN_UNUSED_FUNCTION = YES;
				GCC_WARN_UNUSED_VARIABLE = YES;
				IPHONEOS_DEPLOYMENT_TARGET = 7.1;
				ONLY_ACTIVE_ARCH = YES;
				SDKROOT = iphoneos;
			};
			name = Debug;
		};
		00A4785519057D3B0041584F /* Release */ = {
			isa = XCBuildConfiguration;
			buildSettings = {
				ALWAYS_SEARCH_USER_PATHS = NO;
				CLANG_CXX_LANGUAGE_STANDARD = "gnu++0x";
				CLANG_CXX_LIBRARY = "libc++";
				CLANG_ENABLE_MODULES = YES;
				CLANG_ENABLE_OBJC_ARC = YES;
				CLANG_WARN_BOOL_CONVERSION = YES;
				CLANG_WARN_CONSTANT_CONVERSION = YES;
				CLANG_WARN_DIRECT_OBJC_ISA_USAGE = YES_ERROR;
				CLANG_WARN_EMPTY_BODY = YES;
				CLANG_WARN_ENUM_CONVERSION = YES;
				CLANG_WARN_INT_CONVERSION = YES;
				CLANG_WARN_OBJC_ROOT_CLASS = YES_ERROR;
				CLANG_WARN__DUPLICATE_METHOD_MATCH = YES;
				"CODE_SIGN_IDENTITY[sdk=iphoneos*]" = "iPhone Developer";
				COPY_PHASE_STRIP = YES;
				ENABLE_NS_ASSERTIONS = NO;
				GCC_C_LANGUAGE_STANDARD = gnu99;
				GCC_WARN_64_TO_32_BIT_CONVERSION = YES;
				GCC_WARN_ABOUT_RETURN_TYPE = YES_ERROR;
				GCC_WARN_UNDECLARED_SELECTOR = YES;
				GCC_WARN_UNINITIALIZED_AUTOS = YES_AGGRESSIVE;
				GCC_WARN_UNUSED_FUNCTION = YES;
				GCC_WARN_UNUSED_VARIABLE = YES;
				IPHONEOS_DEPLOYMENT_TARGET = 7.1;
				SDKROOT = iphoneos;
				VALIDATE_PRODUCT = YES;
			};
			name = Release;
		};
		00A4785719057D3B0041584F /* Debug */ = {
			isa = XCBuildConfiguration;
			buildSettings = {
				ASSETCATALOG_COMPILER_APPICON_NAME = AppIcon;
				ASSETCATALOG_COMPILER_LAUNCHIMAGE_NAME = LaunchImage;
				GCC_PRECOMPILE_PREFIX_HEADER = YES;
				GCC_PREFIX_HEADER = "GithubToGo/GithubToGo-Prefix.pch";
				INFOPLIST_FILE = "GithubToGo/GithubToGo-Info.plist";
				PRODUCT_NAME = "$(TARGET_NAME)";
				WRAPPER_EXTENSION = app;
			};
			name = Debug;
		};
		00A4785819057D3B0041584F /* Release */ = {
			isa = XCBuildConfiguration;
			buildSettings = {
				ASSETCATALOG_COMPILER_APPICON_NAME = AppIcon;
				ASSETCATALOG_COMPILER_LAUNCHIMAGE_NAME = LaunchImage;
				GCC_PRECOMPILE_PREFIX_HEADER = YES;
				GCC_PREFIX_HEADER = "GithubToGo/GithubToGo-Prefix.pch";
				INFOPLIST_FILE = "GithubToGo/GithubToGo-Info.plist";
				PRODUCT_NAME = "$(TARGET_NAME)";
				WRAPPER_EXTENSION = app;
			};
			name = Release;
		};
		00A4785A19057D3B0041584F /* Debug */ = {
			isa = XCBuildConfiguration;
			buildSettings = {
				BUNDLE_LOADER = "$(BUILT_PRODUCTS_DIR)/GithubToGo.app/GithubToGo";
				FRAMEWORK_SEARCH_PATHS = (
					"$(SDKROOT)/Developer/Library/Frameworks",
					"$(inherited)",
					"$(DEVELOPER_FRAMEWORKS_DIR)",
				);
				GCC_PRECOMPILE_PREFIX_HEADER = YES;
				GCC_PREFIX_HEADER = "GithubToGo/GithubToGo-Prefix.pch";
				GCC_PREPROCESSOR_DEFINITIONS = (
					"DEBUG=1",
					"$(inherited)",
				);
				INFOPLIST_FILE = "GithubToGoTests/GithubToGoTests-Info.plist";
				PRODUCT_NAME = "$(TARGET_NAME)";
				TEST_HOST = "$(BUNDLE_LOADER)";
				WRAPPER_EXTENSION = xctest;
			};
			name = Debug;
		};
		00A4785B19057D3B0041584F /* Release */ = {
			isa = XCBuildConfiguration;
			buildSettings = {
				BUNDLE_LOADER = "$(BUILT_PRODUCTS_DIR)/GithubToGo.app/GithubToGo";
				FRAMEWORK_SEARCH_PATHS = (
					"$(SDKROOT)/Developer/Library/Frameworks",
					"$(inherited)",
					"$(DEVELOPER_FRAMEWORKS_DIR)",
				);
				GCC_PRECOMPILE_PREFIX_HEADER = YES;
				GCC_PREFIX_HEADER = "GithubToGo/GithubToGo-Prefix.pch";
				INFOPLIST_FILE = "GithubToGoTests/GithubToGoTests-Info.plist";
				PRODUCT_NAME = "$(TARGET_NAME)";
				TEST_HOST = "$(BUNDLE_LOADER)";
				WRAPPER_EXTENSION = xctest;
			};
			name = Release;
		};
/* End XCBuildConfiguration section */

/* Begin XCConfigurationList section */
		00A4781F19057D3B0041584F /* Build configuration list for PBXProject "GithubToGo" */ = {
			isa = XCConfigurationList;
			buildConfigurations = (
				00A4785419057D3B0041584F /* Debug */,
				00A4785519057D3B0041584F /* Release */,
			);
			defaultConfigurationIsVisible = 0;
			defaultConfigurationName = Release;
		};
		00A4785619057D3B0041584F /* Build configuration list for PBXNativeTarget "GithubToGo" */ = {
			isa = XCConfigurationList;
			buildConfigurations = (
				00A4785719057D3B0041584F /* Debug */,
				00A4785819057D3B0041584F /* Release */,
			);
			defaultConfigurationIsVisible = 0;
			defaultConfigurationName = Release;
		};
		00A4785919057D3B0041584F /* Build configuration list for PBXNativeTarget "GithubToGoTests" */ = {
			isa = XCConfigurationList;
			buildConfigurations = (
				00A4785A19057D3B0041584F /* Debug */,
				00A4785B19057D3B0041584F /* Release */,
			);
			defaultConfigurationIsVisible = 0;
			defaultConfigurationName = Release;
		};
/* End XCConfigurationList section */
	};
	rootObject = 00A4781C19057D3B0041584F /* Project object */;
}
